
Microsoft Visual Studio Solution File, Format Version 12.00
# Visual Studio 2013
VisualStudioVersion = 12.0.30501.0
MinimumVisualStudioVersion = 10.0.40219.1
Project("{FAE04EC0-301F-11D3-BF4B-00C04F79EFBC}") = "PDFSearch", "PDFSearch\PDFSearch.csproj", "{1349F6C0-394C-446E-90FA-1545014FBC59}"
EndProject
Project("{FAE04EC0-301F-11D3-BF4B-00C04F79EFBC}") = "PDFSearchLib", "PDFSearchLib\PDFSearchLib.csproj", "{EC80EDFC-5D7B-423A-8197-D63AADFFF3A1}"
EndProject
Project("{FAE04EC0-301F-11D3-BF4B-00C04F79EFBC}") = "PDFWriteLib", "PDFWriteLib\PDFWriteLib.csproj", "{FA2984F3-04F1-49D2-809A-30FA45EFE226}"
EndProject
Global
	GlobalSection(TeamFoundationVersionControl) = preSolution
		SccNumberOfProjects = 4
		SccEnterpriseProvider = {4CA58AB2-18FA-4F8D-95D4-32DDF27D184C}
		SccTeamFoundationServer = http://arrowsys.biz:8080/tfs/test1
		SccLocalPath0 = .
		SccProjectUniqueName1 = PDFSearch\\PDFSearch.csproj
		SccProjectName1 = PDFSearch
		SccLocalPath1 = PDFSearch
		SccProjectUniqueName2 = PDFSearchLib\\PDFSearchLib.csproj
		SccProjectName2 = PDFSearchLib
		SccLocalPath2 = PDFSearchLib
		SccProjectUniqueName3 = PDFWriteLib\\PDFWriteLib.csproj
		SccProjectName3 = PDFWriteLib
		SccLocalPath3 = PDFWriteLib
	EndGlobalSection
	GlobalSection(SolutionConfigurationPlatforms) = preSolution
		Debug|Any CPU = Debug|Any CPU
		Release|Any CPU = Release|Any CPU
	EndGlobalSection
	GlobalSection(ProjectConfigurationPlatforms) = postSolution
		{1349F6C0-394C-446E-90FA-1545014FBC59}.Debug|Any CPU.ActiveCfg = Debug|Any CPU
		{1349F6C0-394C-446E-90FA-1545014FBC59}.Debug|Any CPU.Build.0 = Debug|Any CPU
		{1349F6C0-394C-446E-90FA-1545014FBC59}.Release|Any CPU.ActiveCfg = Release|Any CPU
		{1349F6C0-394C-446E-90FA-1545014FBC59}.Release|Any CPU.Build.0 = Release|Any CPU
		{EC80EDFC-5D7B-423A-8197-D63AADFFF3A1}.Debug|Any CPU.ActiveCfg = Debug|Any CPU
		{EC80EDFC-5D7B-423A-8197-D63AADFFF3A1}.Debug|Any CPU.Build.0 = Debug|Any CPU
		{EC80EDFC-5D7B-423A-8197-D63AADFFF3A1}.Release|Any CPU.ActiveCfg = Release|Any CPU
		{EC80EDFC-5D7B-423A-8197-D63AADFFF3A1}.Release|Any CPU.Build.0 = Release|Any CPU
		{FA2984F3-04F1-49D2-809A-30FA45EFE226}.Debug|Any CPU.ActiveCfg = Debug|Any CPU
		{FA2984F3-04F1-49D2-809A-30FA45EFE226}.Debug|Any CPU.Build.0 = Debug|Any CPU
		{FA2984F3-04F1-49D2-809A-30FA45EFE226}.Release|Any CPU.ActiveCfg = Release|Any CPU
		{FA2984F3-04F1-49D2-809A-30FA45EFE226}.Release|Any CPU.Build.0 = Release|Any CPU
	EndGlobalSection
	GlobalSection(SolutionProperties) = preSolution
		HideSolutionNode = FALSE
	EndGlobalSection
EndGlobal
